{
  "name": "namespace-include",
  "version": "3.6.0",
  "lockfileVersion": 2,
  "requires": true,
  "packages": {
    "": {
      "name": "namespace-include",
      "version": "3.6.0",
      "license": "MIT",
      "dependencies": {
        "get-sync": "*"
      }
    },
    "node_modules/get-sync": {
      "version": "1.1.2",
      "resolved": "https://registry.npmjs.org/get-sync/-/get-sync-1.1.2.tgz",
      "integrity": "sha512-U9T+3z6R2HEiF05+Ta424CjKJmgxuq5uq8ApVBuEBsgo2ggiaV616ybK/hSt2uknUXTisREQQo/TVvi7OJmV7A=="
    }
  },
  "dependencies": {
    "get-sync": {
      "version": "1.1.2",
      "resolved": "https://registry.npmjs.org/get-sync/-/get-sync-1.1.2.tgz",
      "integrity": "sha512-U9T+3z6R2HEiF05+Ta424CjKJmgxuq5uq8ApVBuEBsgo2ggiaV616ybK/hSt2uknUXTisREQQo/TVvi7OJmV7A=="
    }
  }
}
